
Microsoft Visual Studio Solution File, Format Version 12.00
# Visual Studio Version 17
VisualStudioVersion = 17.11.35303.130
MinimumVisualStudioVersion = 10.0.40219.1
Project("{FAE04EC0-301F-11D3-BF4B-00C04F79EFBC}") = "Pratik-Inheritance", "Pratik-Inheritance\Pratik-Inheritance.csproj", "{EE6B50FF-9FDA-4EF8-9B63-2513154CEADB}"
EndProject
Global
	GlobalSection(SolutionConfigurationPlatforms) = preSolution
		Debug|Any CPU = Debug|Any CPU
		Release|Any CPU = Release|Any CPU
	EndGlobalSection
	GlobalSection(ProjectConfigurationPlatforms) = postSolution
		{EE6B50FF-9FDA-4EF8-9B63-2513154CEADB}.Debug|Any CPU.ActiveCfg = Debug|Any CPU
		{EE6B50FF-9FDA-4EF8-9B63-2513154CEADB}.Debug|Any CPU.Build.0 = Debug|Any CPU
		{EE6B50FF-9FDA-4EF8-9B63-2513154CEADB}.Release|Any CPU.ActiveCfg = Release|Any CPU
		{EE6B50FF-9FDA-4EF8-9B63-2513154CEADB}.Release|Any CPU.Build.0 = Release|Any CPU
	EndGlobalSection
	GlobalSection(SolutionProperties) = preSolution
		HideSolutionNode = FALSE
	EndGlobalSection
	GlobalSection(ExtensibilityGlobals) = postSolution
		SolutionGuid = {544A149F-F3B4-4F8A-9ED9-F4BEA8E5A18C}
	EndGlobalSection
EndGlobal
